
Microsoft Visual Studio Solution File, Format Version 12.00
# Visual Studio Version 16
VisualStudioVersion = 16.0.29728.190
MinimumVisualStudioVersion = 10.0.40219.1
Project("{FAE04EC0-301F-11D3-BF4B-00C04F79EFBC}") = "YapiMalzemeleriOdev", "YapiMalzemeleriOdev\YapiMalzemeleriOdev.csproj", "{D328B63B-D428-489B-B962-E7184AD08BE9}"
EndProject
Global
	GlobalSection(SolutionConfigurationPlatforms) = preSolution
		Debug|Any CPU = Debug|Any CPU
		Release|Any CPU = Release|Any CPU
	EndGlobalSection
	GlobalSection(ProjectConfigurationPlatforms) = postSolution
		{D328B63B-D428-489B-B962-E7184AD08BE9}.Debug|Any CPU.ActiveCfg = Debug|Any CPU
		{D328B63B-D428-489B-B962-E7184AD08BE9}.Debug|Any CPU.Build.0 = Debug|Any CPU
		{D328B63B-D428-489B-B962-E7184AD08BE9}.Release|Any CPU.ActiveCfg = Release|Any CPU
		{D328B63B-D428-489B-B962-E7184AD08BE9}.Release|Any CPU.Build.0 = Release|Any CPU
	EndGlobalSection
	GlobalSection(SolutionProperties) = preSolution
		HideSolutionNode = FALSE
	EndGlobalSection
	GlobalSection(ExtensibilityGlobals) = postSolution
		SolutionGuid = {23530EBF-C803-4D7E-94AF-54ABE7C61455}
	EndGlobalSection
EndGlobal
